
Microsoft Visual Studio Solution File, Format Version 12.00
# Visual Studio Version 16
VisualStudioVersion = 16.0.30804.86
MinimumVisualStudioVersion = 10.0.40219.1
Project("{FAE04EC0-301F-11D3-BF4B-00C04F79EFBC}") = "Fiver Return Management System", "Fiver Return Management System\Fiver Return Management System.csproj", "{CE93A713-EA77-49EC-A4CC-8DF389E126F3}"
EndProject
Global
	GlobalSection(SolutionConfigurationPlatforms) = preSolution
		Debug|Any CPU = Debug|Any CPU
		Release|Any CPU = Release|Any CPU
	EndGlobalSection
	GlobalSection(ProjectConfigurationPlatforms) = postSolution
		{CE93A713-EA77-49EC-A4CC-8DF389E126F3}.Debug|Any CPU.ActiveCfg = Debug|Any CPU
		{CE93A713-EA77-49EC-A4CC-8DF389E126F3}.Debug|Any CPU.Build.0 = Debug|Any CPU
		{CE93A713-EA77-49EC-A4CC-8DF389E126F3}.Release|Any CPU.ActiveCfg = Release|Any CPU
		{CE93A713-EA77-49EC-A4CC-8DF389E126F3}.Release|Any CPU.Build.0 = Release|Any CPU
	EndGlobalSection
	GlobalSection(SolutionProperties) = preSolution
		HideSolutionNode = FALSE
	EndGlobalSection
	GlobalSection(ExtensibilityGlobals) = postSolution
		SolutionGuid = {107B2AB5-6231-4A79-9F57-0F63094A0B37}
	EndGlobalSection
EndGlobal
